
Microsoft Visual Studio Solution File, Format Version 12.00
# Visual Studio Version 16
VisualStudioVersion = 16.0.32802.440
MinimumVisualStudioVersion = 10.0.40219.1
Project("{9A19103F-16F7-4668-BE54-9A1E7A4F7556}") = "ManvirBookStore", "ManvirBookStore.csproj", "{1C54253B-685E-43D3-A58B-C35B95E7CD92}"
EndProject
Project("{FAE04EC0-301F-11D3-BF4B-00C04F79EFBC}") = "ManvirBooks.DataAccess", "..\ManvirBooks.DataAccess\ManvirBooks.DataAccess.csproj", "{0E068B85-BDD0-4C62-9CA6-AEEF21840BA4}"
EndProject
Project("{FAE04EC0-301F-11D3-BF4B-00C04F79EFBC}") = "ManvirBooks.Models", "..\ManvirBooks.Models\ManvirBooks.Models.csproj", "{BCE5C865-14AD-409A-86CE-F9CEF8D12349}"
EndProject
Project("{FAE04EC0-301F-11D3-BF4B-00C04F79EFBC}") = "ManvirBooks.Utility", "..\ManvirBooks.Utility\ManvirBooks.Utility.csproj", "{B59429F2-0E8C-42EB-930C-4C2E8B936F23}"
EndProject
Global
	GlobalSection(SolutionConfigurationPlatforms) = preSolution
		Debug|Any CPU = Debug|Any CPU
		Release|Any CPU = Release|Any CPU
	EndGlobalSection
	GlobalSection(ProjectConfigurationPlatforms) = postSolution
		{1C54253B-685E-43D3-A58B-C35B95E7CD92}.Debug|Any CPU.ActiveCfg = Debug|Any CPU
		{1C54253B-685E-43D3-A58B-C35B95E7CD92}.Debug|Any CPU.Build.0 = Debug|Any CPU
		{1C54253B-685E-43D3-A58B-C35B95E7CD92}.Release|Any CPU.ActiveCfg = Release|Any CPU
		{1C54253B-685E-43D3-A58B-C35B95E7CD92}.Release|Any CPU.Build.0 = Release|Any CPU
		{0E068B85-BDD0-4C62-9CA6-AEEF21840BA4}.Debug|Any CPU.ActiveCfg = Debug|Any CPU
		{0E068B85-BDD0-4C62-9CA6-AEEF21840BA4}.Debug|Any CPU.Build.0 = Debug|Any CPU
		{0E068B85-BDD0-4C62-9CA6-AEEF21840BA4}.Release|Any CPU.ActiveCfg = Release|Any CPU
		{0E068B85-BDD0-4C62-9CA6-AEEF21840BA4}.Release|Any CPU.Build.0 = Release|Any CPU
		{BCE5C865-14AD-409A-86CE-F9CEF8D12349}.Debug|Any CPU.ActiveCfg = Debug|Any CPU
		{BCE5C865-14AD-409A-86CE-F9CEF8D12349}.Debug|Any CPU.Build.0 = Debug|Any CPU
		{BCE5C865-14AD-409A-86CE-F9CEF8D12349}.Release|Any CPU.ActiveCfg = Release|Any CPU
		{BCE5C865-14AD-409A-86CE-F9CEF8D12349}.Release|Any CPU.Build.0 = Release|Any CPU
		{B59429F2-0E8C-42EB-930C-4C2E8B936F23}.Debug|Any CPU.ActiveCfg = Debug|Any CPU
		{B59429F2-0E8C-42EB-930C-4C2E8B936F23}.Debug|Any CPU.Build.0 = Debug|Any CPU
		{B59429F2-0E8C-42EB-930C-4C2E8B936F23}.Release|Any CPU.ActiveCfg = Release|Any CPU
		{B59429F2-0E8C-42EB-930C-4C2E8B936F23}.Release|Any CPU.Build.0 = Release|Any CPU
	EndGlobalSection
	GlobalSection(SolutionProperties) = preSolution
		HideSolutionNode = FALSE
	EndGlobalSection
	GlobalSection(ExtensibilityGlobals) = postSolution
		SolutionGuid = {BBD856CC-4419-41C3-ABBD-7F997FA2B0EF}
	EndGlobalSection
EndGlobal
